{
  "requires": true,
  "lockfileVersion": 1,
  "dependencies": {
    "@uppy/companion-client": {
      "version": "1.4.1",
      "resolved": "https://registry.npmjs.org/@uppy/companion-client/-/companion-client-1.4.1.tgz",
      "integrity": "sha512-ZQpEibQMDRwCzp3zugRHlCl/ne7UpCF+4ZfayhspGt7nz8tuUZXuDH15LhyMS06Y9S/kXTRMrA/w5bY42QtHDw==",
      "requires": {
        "namespace-emitter": "^2.0.1"
      }
    },
    "@uppy/core": {
      "version": "1.7.0",
      "resolved": "https://registry.npmjs.org/@uppy/core/-/core-1.7.0.tgz",
      "integrity": "sha512-Ooj9rYQEPa4QNCXkTZEB0dnDTVMZ1ynepf9bDizLveBt0rlM/84CQnqVrecemgapCNo44YiOjnP5a6OU7tuJoQ==",
      "requires": {
        "@uppy/store-default": "^1.2.0",
        "@uppy/utils": "^2.1.1",
        "cuid": "^2.1.1",
        "lodash.throttle": "^4.1.1",
        "mime-match": "^1.0.2",
        "namespace-emitter": "^2.0.1",
        "preact": "8.2.9"
      }
    },
    "@uppy/dashboard": {
      "version": "1.5.1",
      "resolved": "https://registry.npmjs.org/@uppy/dashboard/-/dashboard-1.5.1.tgz",
      "integrity": "sha512-ZrJLM7i66UkUW9247xVftAaU+h5Sm2Razc2eM5sRkYX93Gdews/xdKisNg3m+GB4RdeU09ZR7bnjUPIZy44hRQ==",
      "requires": {
        "@uppy/informer": "^1.3.3",
        "@uppy/provider-views": "^1.5.1",
        "@uppy/status-bar": "^1.4.1",
        "@uppy/thumbnail-generator": "^1.5.1",
        "@uppy/utils": "^2.1.1",
        "classnames": "^2.2.6",
        "cuid": "^2.1.1",
        "is-shallow-equal": "^1.0.1",
        "lodash.debounce": "^4.0.8",
        "lodash.throttle": "^4.1.1",
        "memoize-one": "^5.0.4",
        "preact": "8.2.9",
        "preact-css-transition-group": "^1.3.0",
        "resize-observer-polyfill": "^1.5.0"
      }
    },
    "@uppy/drag-drop": {
      "version": "1.4.1",
      "resolved": "https://registry.npmjs.org/@uppy/drag-drop/-/drag-drop-1.4.1.tgz",
      "integrity": "sha512-1kqgFsDLckhd9BUmh1/BYxd69haod9zN+EivXX1qtSS1eVSXSlRP6UW+kbU/rcciEfA+eQ+dAMtsgBDf0g64Vw==",
      "requires": {
        "@uppy/utils": "^2.1.1",
        "preact": "8.2.9"
      }
    },
    "@uppy/informer": {
      "version": "1.3.3",
      "resolved": "https://registry.npmjs.org/@uppy/informer/-/informer-1.3.3.tgz",
      "integrity": "sha512-LthMkuXdxFo2zAyKZrE28gHY0cwPvlks9lqcvcTCqNV2WIwjLg3TWG9uLlBaSTOrwHxR2/u2M1PpggVBQ2Xh4w==",
      "requires": {
        "@uppy/utils": "^2.1.1",
        "preact": "8.2.9"
      }
    },
    "@uppy/progress-bar": {
      "version": "1.3.3",
      "resolved": "https://registry.npmjs.org/@uppy/progress-bar/-/progress-bar-1.3.3.tgz",
      "integrity": "sha512-WcidqCxYTbbMKLkg4ftWJhnVXk96f08vaS/8AUw4zsWW1TA+rEtNdju4MfjM6hpxWUwrSM7qSCeS24sG3CTk8g==",
      "requires": {
        "@uppy/utils": "^2.1.1",
        "preact": "8.2.9"
      }
    },
    "@uppy/provider-views": {
      "version": "1.5.1",
      "resolved": "https://registry.npmjs.org/@uppy/provider-views/-/provider-views-1.5.1.tgz",
      "integrity": "sha512-BOF029qIbQzjYh3spMmVXY5m6ExlH9+6vjDVZy6NPIMS+H2KBcUkyWWdKmAYPKqEbDnlPFBfEr5TwDrUdhzbdg==",
      "requires": {
        "@uppy/utils": "^2.1.1",
        "classnames": "^2.2.6",
        "preact": "8.2.9"
      }
    },
    "@uppy/react": {
      "version": "1.4.1",
      "resolved": "https://registry.npmjs.org/@uppy/react/-/react-1.4.1.tgz",
      "integrity": "sha512-OLDdAGEOgD/DNZXFzzaOvS/bp4rH5q8GIBT9TI0XOipPEqgeeskxrnH80NuuTOf6JxVs7f4qXGAkXzBiBJ4GzQ==",
      "requires": {
        "@uppy/dashboard": "^1.5.1",
        "@uppy/drag-drop": "^1.4.1",
        "@uppy/progress-bar": "^1.3.3",
        "@uppy/status-bar": "^1.4.1",
        "@uppy/utils": "^2.1.1",
        "prop-types": "^15.6.1"
      }
    },
    "@uppy/status-bar": {
      "version": "1.4.1",
      "resolved": "https://registry.npmjs.org/@uppy/status-bar/-/status-bar-1.4.1.tgz",
      "integrity": "sha512-3ZoIlzcOGMV0ToQKAoTa6KYr5IpvOmEaN+JPZ/rY1b+dUuC2J0oY0CKSSg9DZRQc+mXpwYffmutIoPV1ZWMo0A==",
      "requires": {
        "@uppy/utils": "^2.1.1",
        "classnames": "^2.2.6",
        "lodash.throttle": "^4.1.1",
        "preact": "8.2.9"
      }
    },
    "@uppy/store-default": {
      "version": "1.2.0",
      "resolved": "https://registry.npmjs.org/@uppy/store-default/-/store-default-1.2.0.tgz",
      "integrity": "sha512-mnkxdX4DJMP2nrBklh5MXdn31bAyBSlCcp4+BZanFwv4WiCEpg/ruYzNzaJ1nVyuINJEDj2nx/DWxo+1F6WuWw=="
    },
    "@uppy/thumbnail-generator": {
      "version": "1.5.1",
      "resolved": "https://registry.npmjs.org/@uppy/thumbnail-generator/-/thumbnail-generator-1.5.1.tgz",
      "integrity": "sha512-7J7h3WvV4GZYd0j9XlNAFA0uZh+mYq/9h2qOo5XeCS4OkVvJe+UmtVn7xXxi8ch0Bka2EU93m1y/w5bIvBWFAA==",
      "requires": {
        "@uppy/utils": "^2.1.1"
      }
    },
    "@uppy/utils": {
      "version": "2.1.1",
      "resolved": "https://registry.npmjs.org/@uppy/utils/-/utils-2.1.1.tgz",
      "integrity": "sha512-Ixz2fno8vZHjeCdSfiJoFnh1eJbF76fbkYyRqQ85fl6whyG5d8iOSc65KJ7CzswuMFm/EGDWj51HsJfSLQkEQw==",
      "requires": {
        "lodash.throttle": "^4.1.1"
      }
    },
    "@uppy/xhr-upload": {
      "version": "1.4.1",
      "resolved": "https://registry.npmjs.org/@uppy/xhr-upload/-/xhr-upload-1.4.1.tgz",
      "integrity": "sha512-kRMCMHkbsaUne3yqVlpBJ5Ds2PbHkm/NdpkUdgaN8mIdvFeWqpS7FyEdfQpmY3/zj5YzKccaaeqOelt2nL6Zug==",
      "requires": {
        "@uppy/companion-client": "^1.4.1",
        "@uppy/utils": "^2.1.1",
        "cuid": "^2.1.1"
      }
    },
    "classnames": {
      "version": "2.2.6",
      "resolved": "https://registry.npmjs.org/classnames/-/classnames-2.2.6.tgz",
      "integrity": "sha512-JR/iSQOSt+LQIWwrwEzJ9uk0xfN3mTVYMwt1Ir5mUcSN6pU+V4zQFFaJsclJbPuAUQH+yfWef6tm7l1quW3C8Q=="
    },
    "cuid": {
      "version": "2.1.8",
      "resolved": "https://registry.npmjs.org/cuid/-/cuid-2.1.8.tgz",
      "integrity": "sha512-xiEMER6E7TlTPnDxrM4eRiC6TRgjNX9xzEZ5U/Se2YJKr7Mq4pJn/2XEHjl3STcSh96GmkHPcBXLES8M29wyyg=="
    },
    "is-shallow-equal": {
      "version": "1.0.1",
      "resolved": "https://registry.npmjs.org/is-shallow-equal/-/is-shallow-equal-1.0.1.tgz",
      "integrity": "sha512-lq5RvK+85Hs5J3p4oA4256M1FEffzmI533ikeDHvJd42nouRRx5wBzt36JuviiGe5dIPyHON/d0/Up+PBo6XkQ=="
    },
    "js-tokens": {
      "version": "4.0.0",
      "resolved": "https://registry.npmjs.org/js-tokens/-/js-tokens-4.0.0.tgz",
      "integrity": "sha512-RdJUflcE3cUzKiMqQgsCu06FPu9UdIJO0beYbPhHN4k6apgJtifcoCtT9bcxOpYBtpD2kCM6Sbzg4CausW/PKQ=="
    },
    "lodash.debounce": {
      "version": "4.0.8",
      "resolved": "https://registry.npmjs.org/lodash.debounce/-/lodash.debounce-4.0.8.tgz",
      "integrity": "sha1-gteb/zCmfEAF/9XiUVMArZyk168="
    },
    "lodash.throttle": {
      "version": "4.1.1",
      "resolved": "https://registry.npmjs.org/lodash.throttle/-/lodash.throttle-4.1.1.tgz",
      "integrity": "sha1-wj6RtxAkKscMN/HhzaknTMOb8vQ="
    },
    "loose-envify": {
      "version": "1.4.0",
      "resolved": "https://registry.npmjs.org/loose-envify/-/loose-envify-1.4.0.tgz",
      "integrity": "sha512-lyuxPGr/Wfhrlem2CL/UcnUc1zcqKAImBDzukY7Y5F/yQiNdko6+fRLevlw1HgMySw7f611UIY408EtxRSoK3Q==",
      "requires": {
        "js-tokens": "^3.0.0 || ^4.0.0"
      }
    },
    "memoize-one": {
      "version": "5.1.1",
      "resolved": "https://registry.npmjs.org/memoize-one/-/memoize-one-5.1.1.tgz",
      "integrity": "sha512-HKeeBpWvqiVJD57ZUAsJNm71eHTykffzcLZVYWiVfQeI1rJtuEaS7hQiEpWfVVk18donPwJEcFKIkCmPJNOhHA=="
    },
    "mime-match": {
      "version": "1.0.2",
      "resolved": "https://registry.npmjs.org/mime-match/-/mime-match-1.0.2.tgz",
      "integrity": "sha1-P4fDHprxpf1IX7nbE0Qosju7e6g=",
      "requires": {
        "wildcard": "^1.1.0"
      }
    },
    "namespace-emitter": {
      "version": "2.0.1",
      "resolved": "https://registry.npmjs.org/namespace-emitter/-/namespace-emitter-2.0.1.tgz",
      "integrity": "sha512-N/sMKHniSDJBjfrkbS/tpkPj4RAbvW3mr8UAzvlMHyun93XEm83IAvhWtJVHo+RHn/oO8Job5YN4b+wRjSVp5g=="
    },
    "object-assign": {
      "version": "4.1.1",
      "resolved": "https://registry.npmjs.org/object-assign/-/object-assign-4.1.1.tgz",
      "integrity": "sha1-IQmtx5ZYh8/AXLvUQsrIv7s2CGM="
    },
    "preact": {
      "version": "8.2.9",
      "resolved": "https://registry.npmjs.org/preact/-/preact-8.2.9.tgz",
      "integrity": "sha512-ThuGXBmJS3VsT+jIP+eQufD3L8pRw/PY3FoCys6O9Pu6aF12Pn9zAJDX99TfwRAFOCEKm/P0lwiPTbqKMJp0fA=="
    },
    "preact-css-transition-group": {
      "version": "1.3.0",
      "resolved": "https://registry.npmjs.org/preact-css-transition-group/-/preact-css-transition-group-1.3.0.tgz",
      "integrity": "sha1-Bv5Giyb3gC6VuCmnYtsLwZmu85k="
    },
    "prop-types": {
      "version": "15.7.2",
      "resolved": "https://registry.npmjs.org/prop-types/-/prop-types-15.7.2.tgz",
      "integrity": "sha512-8QQikdH7//R2vurIJSutZ1smHYTcLpRWEOlHnzcWHmBYrOGUysKwSsrC89BCiFj3CbrfJ/nXFdJepOVrY1GCHQ==",
      "requires": {
        "loose-envify": "^1.4.0",
        "object-assign": "^4.1.1",
        "react-is": "^16.8.1"
      }
    },
    "react-is": {
      "version": "16.12.0",
      "resolved": "https://registry.npmjs.org/react-is/-/react-is-16.12.0.tgz",
      "integrity": "sha512-rPCkf/mWBtKc97aLL9/txD8DZdemK0vkA3JMLShjlJB3Pj3s+lpf1KaBzMfQrAmhMQB0n1cU/SUGgKKBCe837Q=="
    },
    "resize-observer-polyfill": {
      "version": "1.5.1",
      "resolved": "https://registry.npmjs.org/resize-observer-polyfill/-/resize-observer-polyfill-1.5.1.tgz",
      "integrity": "sha512-LwZrotdHOo12nQuZlHEmtuXdqGoOD0OhaxopaNFxWzInpEgaLWoVuAMbTzixuosCx2nEG58ngzW3vxdWoxIgdg=="
    },
    "wildcard": {
      "version": "1.1.2",
      "resolved": "https://registry.npmjs.org/wildcard/-/wildcard-1.1.2.tgz",
      "integrity": "sha1-pwIEUwhNjNLv5wup02liY94XEKU="
    }
  }
}
